// !$*UTF8*$!
{
	archiveVersion = 1;
	classes = {
	};
	objectVersion = 51;
	objects = {

/* Begin PBXBuildFile section */
		5F3610309787E75CA4FE833F /* Pods_FirstSession.framework in Frameworks */ = {isa = PBXBuildFile; fileRef = 87F8CF4C0F14E738A0124551 /* Pods_FirstSession.framework */; };
		E42D3D8024BC9B360093690A /* Game.swift in Sources */ = {isa = PBXBuildFile; fileRef = E42D3D7F24BC9B360093690A /* Game.swift */; };
		E432FEEF24BDF1B500A8C14B /* GameViewModel.swift in Sources */ = {isa = PBXBuildFile; fileRef = E432FEEE24BDF1B500A8C14B /* GameViewModel.swift */; };
		E466186524B7318000234C24 /* CustomCell.swift in Sources */ = {isa = PBXBuildFile; fileRef = E466186424B7318000234C24 /* CustomCell.swift */; };
		E49386CF24C9F74400652A17 /* DetailViewController.swift in Sources */ = {isa = PBXBuildFile; fileRef = E49386CE24C9F74400652A17 /* DetailViewController.swift */; };
		E49386D124C9F77300652A17 /* DetailViewModel.swift in Sources */ = {isa = PBXBuildFile; fileRef = E49386D024C9F77300652A17 /* DetailViewModel.swift */; };
		E49788AF249AA5CC00F07235 /* AppDelegate.swift in Sources */ = {isa = PBXBuildFile; fileRef = E49788AE249AA5CC00F07235 /* AppDelegate.swift */; };
		E49788B1249AA5CC00F07235 /* GamesListViewController.swift in Sources */ = {isa = PBXBuildFile; fileRef = E49788B0249AA5CC00F07235 /* GamesListViewController.swift */; };
		E49788B6249AA5CE00F07235 /* Assets.xcassets in Resources */ = {isa = PBXBuildFile; fileRef = E49788B5249AA5CE00F07235 /* Assets.xcassets */; };
		E49788B9249AA5CE00F07235 /* LaunchScreen.storyboard in Resources */ = {isa = PBXBuildFile; fileRef = E49788B7249AA5CE00F07235 /* LaunchScreen.storyboard */; };
		E4ED79A224C0802E0028700F /* CellViewModel.swift in Sources */ = {isa = PBXBuildFile; fileRef = E4ED79A124C0802E0028700F /* CellViewModel.swift */; };
		E4ED79A424C0AB310028700F /* Company.swift in Sources */ = {isa = PBXBuildFile; fileRef = E4ED79A324C0AB310028700F /* Company.swift */; };
		E4F966FA24E96B8F00FAE5A9 /* gamesList.json in Resources */ = {isa = PBXBuildFile; fileRef = E4F966F924E96B8F00FAE5A9 /* gamesList.json */; };
/* End PBXBuildFile section */

/* Begin PBXFileReference section */
		4EC98D820060AE7A32369C99 /* Pods-FirstSession.debug.xcconfig */ = {isa = PBXFileReference; includeInIndex = 1; lastKnownFileType = text.xcconfig; name = "Pods-FirstSession.debug.xcconfig"; path = "Target Support Files/Pods-FirstSession/Pods-FirstSession.debug.xcconfig"; sourceTree = "<group>"; };
		75986D322E74E88F8D5873AB /* Pods-FirstSession.release.xcconfig */ = {isa = PBXFileReference; includeInIndex = 1; lastKnownFileType = text.xcconfig; name = "Pods-FirstSession.release.xcconfig"; path = "Target Support Files/Pods-FirstSession/Pods-FirstSession.release.xcconfig"; sourceTree = "<group>"; };
		87F8CF4C0F14E738A0124551 /* Pods_FirstSession.framework */ = {isa = PBXFileReference; explicitFileType = wrapper.framework; includeInIndex = 0; path = Pods_FirstSession.framework; sourceTree = BUILT_PRODUCTS_DIR; };
		E42D3D7F24BC9B360093690A /* Game.swift */ = {isa = PBXFileReference; lastKnownFileType = sourcecode.swift; path = Game.swift; sourceTree = "<group>"; };
		E432FEEE24BDF1B500A8C14B /* GameViewModel.swift */ = {isa = PBXFileReference; lastKnownFileType = sourcecode.swift; path = GameViewModel.swift; sourceTree = "<group>"; };
		E466186424B7318000234C24 /* CustomCell.swift */ = {isa = PBXFileReference; lastKnownFileType = sourcecode.swift; path = CustomCell.swift; sourceTree = "<group>"; };
		E49386CE24C9F74400652A17 /* DetailViewController.swift */ = {isa = PBXFileReference; lastKnownFileType = sourcecode.swift; path = DetailViewController.swift; sourceTree = "<group>"; };
		E49386D024C9F77300652A17 /* DetailViewModel.swift */ = {isa = PBXFileReference; lastKnownFileType = sourcecode.swift; path = DetailViewModel.swift; sourceTree = "<group>"; };
		E49788AB249AA5CC00F07235 /* PcGamer.app */ = {isa = PBXFileReference; explicitFileType = wrapper.application; includeInIndex = 0; path = PcGamer.app; sourceTree = BUILT_PRODUCTS_DIR; };
		E49788AE249AA5CC00F07235 /* AppDelegate.swift */ = {isa = PBXFileReference; lastKnownFileType = sourcecode.swift; path = AppDelegate.swift; sourceTree = "<group>"; };
		E49788B0249AA5CC00F07235 /* GamesListViewController.swift */ = {isa = PBXFileReference; lastKnownFileType = sourcecode.swift; path = GamesListViewController.swift; sourceTree = "<group>"; };
		E49788B5249AA5CE00F07235 /* Assets.xcassets */ = {isa = PBXFileReference; lastKnownFileType = folder.assetcatalog; path = Assets.xcassets; sourceTree = "<group>"; };
		E49788B8249AA5CE00F07235 /* Base */ = {isa = PBXFileReference; lastKnownFileType = file.storyboard; name = Base; path = Base.lproj/LaunchScreen.storyboard; sourceTree = "<group>"; };
		E49788BA249AA5CE00F07235 /* Info.plist */ = {isa = PBXFileReference; lastKnownFileType = text.plist.xml; path = Info.plist; sourceTree = "<group>"; };
		E4ED79A124C0802E0028700F /* CellViewModel.swift */ = {isa = PBXFileReference; lastKnownFileType = sourcecode.swift; path = CellViewModel.swift; sourceTree = "<group>"; };
		E4ED79A324C0AB310028700F /* Company.swift */ = {isa = PBXFileReference; lastKnownFileType = sourcecode.swift; path = Company.swift; sourceTree = "<group>"; };
		E4F966F924E96B8F00FAE5A9 /* gamesList.json */ = {isa = PBXFileReference; fileEncoding = 4; lastKnownFileType = text.json; path = gamesList.json; sourceTree = "<group>"; };
/* End PBXFileReference section */

/* Begin PBXFrameworksBuildPhase section */
		E49788A8249AA5CC00F07235 /* Frameworks */ = {
			isa = PBXFrameworksBuildPhase;
			buildActionMask = 2147483647;
			files = (
				5F3610309787E75CA4FE833F /* Pods_FirstSession.framework in Frameworks */,
			);
			runOnlyForDeploymentPostprocessing = 0;
		};
/* End PBXFrameworksBuildPhase section */

/* Begin PBXGroup section */
		02DAD2D6845E985676F1A108 /* Pods */ = {
			isa = PBXGroup;
			children = (
				4EC98D820060AE7A32369C99 /* Pods-FirstSession.debug.xcconfig */,
				75986D322E74E88F8D5873AB /* Pods-FirstSession.release.xcconfig */,
			);
			path = Pods;
			sourceTree = "<group>";
		};
		1D93AF7824D6AA360068122A /* Model */ = {
			isa = PBXGroup;
			children = (
				E4ED79A324C0AB310028700F /* Company.swift */,
				E42D3D7F24BC9B360093690A /* Game.swift */,
			);
			path = Model;
			sourceTree = "<group>";
		};
		1D93AF7924D6AA4E0068122A /* ViewModel */ = {
			isa = PBXGroup;
			children = (
				E4ED79A124C0802E0028700F /* CellViewModel.swift */,
				E49386D024C9F77300652A17 /* DetailViewModel.swift */,
				E432FEEE24BDF1B500A8C14B /* GameViewModel.swift */,
			);
			path = ViewModel;
			sourceTree = "<group>";
		};
		1D93AF7A24D6AAA70068122A /* Controller */ = {
			isa = PBXGroup;
			children = (
				E49788AE249AA5CC00F07235 /* AppDelegate.swift */,
				E49788B0249AA5CC00F07235 /* GamesListViewController.swift */,
				E49386CE24C9F74400652A17 /* DetailViewController.swift */,
			);
			path = Controller;
			sourceTree = "<group>";
		};
		1D93AF7B24D6AC700068122A /* View */ = {
			isa = PBXGroup;
			children = (
				E49788B7249AA5CE00F07235 /* LaunchScreen.storyboard */,
				E49788B5249AA5CE00F07235 /* Assets.xcassets */,
				E466186424B7318000234C24 /* CustomCell.swift */,
			);
			path = View;
			sourceTree = "<group>";
		};
		A35E1E2DB903E4AA4F746069 /* Frameworks */ = {
			isa = PBXGroup;
			children = (
				87F8CF4C0F14E738A0124551 /* Pods_FirstSession.framework */,
			);
			name = Frameworks;
			sourceTree = "<group>";
		};
		E44A175E24E93B6B00829012 /* Resources */ = {
			isa = PBXGroup;
			children = (
				E4F966F924E96B8F00FAE5A9 /* gamesList.json */,
			);
			path = Resources;
			sourceTree = "<group>";
		};
		E49788A2249AA5CC00F07235 = {
			isa = PBXGroup;
			children = (
				E49788AD249AA5CC00F07235 /* FirstSession */,
				E49788AC249AA5CC00F07235 /* Products */,
				02DAD2D6845E985676F1A108 /* Pods */,
				A35E1E2DB903E4AA4F746069 /* Frameworks */,
			);
			sourceTree = "<group>";
		};
		E49788AC249AA5CC00F07235 /* Products */ = {
			isa = PBXGroup;
			children = (
				E49788AB249AA5CC00F07235 /* PcGamer.app */,
			);
			name = Products;
			sourceTree = "<group>";
		};
		E49788AD249AA5CC00F07235 /* FirstSession */ = {
			isa = PBXGroup;
			children = (
				E44A175E24E93B6B00829012 /* Resources */,
				1D93AF7B24D6AC700068122A /* View */,
				1D93AF7A24D6AAA70068122A /* Controller */,
				1D93AF7924D6AA4E0068122A /* ViewModel */,
				1D93AF7824D6AA360068122A /* Model */,
				E49788BA249AA5CE00F07235 /* Info.plist */,
			);
			path = FirstSession;
			sourceTree = "<group>";
		};
/* End PBXGroup section */

/* Begin PBXNativeTarget section */
		E49788AA249AA5CC00F07235 /* FirstSession */ = {
			isa = PBXNativeTarget;
			buildConfigurationList = E49788BD249AA5CE00F07235 /* Build configuration list for PBXNativeTarget "FirstSession" */;
			buildPhases = (
				AB68E6D71AAB8EEE1D8470BA /* [CP] Check Pods Manifest.lock */,
				E49788A7249AA5CC00F07235 /* Sources */,
				E49788A8249AA5CC00F07235 /* Frameworks */,
				E49788A9249AA5CC00F07235 /* Resources */,
				5E52B1ACE401AA4FABDD9425 /* [CP] Embed Pods Frameworks */,
			);
			buildRules = (
			);
			dependencies = (
			);
			name = FirstSession;
			productName = FirstSession;
			productReference = E49788AB249AA5CC00F07235 /* PcGamer.app */;
			productType = "com.apple.product-type.application";
		};
/* End PBXNativeTarget section */

/* Begin PBXProject section */
		E49788A3249AA5CC00F07235 /* Project object */ = {
			isa = PBXProject;
			attributes = {
				LastSwiftUpdateCheck = 1010;
				LastUpgradeCheck = 1010;
				ORGANIZATIONNAME = fr.epita;
				TargetAttributes = {
					E49788AA249AA5CC00F07235 = {
						CreatedOnToolsVersion = 10.1;
						LastSwiftMigration = 1130;
					};
				};
			};
			buildConfigurationList = E49788A6249AA5CC00F07235 /* Build configuration list for PBXProject "FirstSession" */;
			compatibilityVersion = "Xcode 9.3";
			developmentRegion = en;
			hasScannedForEncodings = 0;
			knownRegions = (
				en,
				Base,
			);
			mainGroup = E49788A2249AA5CC00F07235;
			productRefGroup = E49788AC249AA5CC00F07235 /* Products */;
			projectDirPath = "";
			projectRoot = "";
			targets = (
				E49788AA249AA5CC00F07235 /* FirstSession */,
			);
		};
/* End PBXProject section */

/* Begin PBXResourcesBuildPhase section */
		E49788A9249AA5CC00F07235 /* Resources */ = {
			isa = PBXResourcesBuildPhase;
			buildActionMask = 2147483647;
			files = (
				E49788B9249AA5CE00F07235 /* LaunchScreen.storyboard in Resources */,
				E4F966FA24E96B8F00FAE5A9 /* gamesList.json in Resources */,
				E49788B6249AA5CE00F07235 /* Assets.xcassets in Resources */,
			);
			runOnlyForDeploymentPostprocessing = 0;
		};
/* End PBXResourcesBuildPhase section */

/* Begin PBXShellScriptBuildPhase section */
		5E52B1ACE401AA4FABDD9425 /* [CP] Embed Pods Frameworks */ = {
			isa = PBXShellScriptBuildPhase;
			buildActionMask = 2147483647;
			files = (
			);
			inputFileListPaths = (
				"${PODS_ROOT}/Target Support Files/Pods-FirstSession/Pods-FirstSession-frameworks-${CONFIGURATION}-input-files.xcfilelist",
			);
			name = "[CP] Embed Pods Frameworks";
			outputFileListPaths = (
				"${PODS_ROOT}/Target Support Files/Pods-FirstSession/Pods-FirstSession-frameworks-${CONFIGURATION}-output-files.xcfilelist",
			);
			runOnlyForDeploymentPostprocessing = 0;
			shellPath = /bin/sh;
			shellScript = "\"${PODS_ROOT}/Target Support Files/Pods-FirstSession/Pods-FirstSession-frameworks.sh\"\n";
			showEnvVarsInLog = 0;
		};
		AB68E6D71AAB8EEE1D8470BA /* [CP] Check Pods Manifest.lock */ = {
			isa = PBXShellScriptBuildPhase;
			buildActionMask = 2147483647;
			files = (
			);
			inputFileListPaths = (
			);
			inputPaths = (
				"${PODS_PODFILE_DIR_PATH}/Podfile.lock",
				"${PODS_ROOT}/Manifest.lock",
			);
			name = "[CP] Check Pods Manifest.lock";
			outputFileListPaths = (
			);
			outputPaths = (
				"$(DERIVED_FILE_DIR)/Pods-FirstSession-checkManifestLockResult.txt",
			);
			runOnlyForDeploymentPostprocessing = 0;
			shellPath = /bin/sh;
			shellScript = "diff \"${PODS_PODFILE_DIR_PATH}/Podfile.lock\" \"${PODS_ROOT}/Manifest.lock\" > /dev/null\nif [ $? != 0 ] ; then\n    # print error to STDERR\n    echo \"error: The sandbox is not in sync with the Podfile.lock. Run 'pod install' or update your CocoaPods installation.\" >&2\n    exit 1\nfi\n# This output is used by Xcode 'outputs' to avoid re-running this script phase.\necho \"SUCCESS\" > \"${SCRIPT_OUTPUT_FILE_0}\"\n";
			showEnvVarsInLog = 0;
		};
/* End PBXShellScriptBuildPhase section */

/* Begin PBXSourcesBuildPhase section */
		E49788A7249AA5CC00F07235 /* Sources */ = {
			isa = PBXSourcesBuildPhase;
			buildActionMask = 2147483647;
			files = (
				E466186524B7318000234C24 /* CustomCell.swift in Sources */,
				E42D3D8024BC9B360093690A /* Game.swift in Sources */,
				E49386D124C9F77300652A17 /* DetailViewModel.swift in Sources */,
				E432FEEF24BDF1B500A8C14B /* GameViewModel.swift in Sources */,
				E4ED79A424C0AB310028700F /* Company.swift in Sources */,
				E49386CF24C9F74400652A17 /* DetailViewController.swift in Sources */,
				E49788B1249AA5CC00F07235 /* GamesListViewController.swift in Sources */,
				E4ED79A224C0802E0028700F /* CellViewModel.swift in Sources */,
				E49788AF249AA5CC00F07235 /* AppDelegate.swift in Sources */,
			);
			runOnlyForDeploymentPostprocessing = 0;
		};
/* End PBXSourcesBuildPhase section */

/* Begin PBXVariantGroup section */
		E49788B7249AA5CE00F07235 /* LaunchScreen.storyboard */ = {
			isa = PBXVariantGroup;
			children = (
				E49788B8249AA5CE00F07235 /* Base */,
			);
			name = LaunchScreen.storyboard;
			sourceTree = "<group>";
		};
/* End PBXVariantGroup section */

/* Begin XCBuildConfiguration section */
		E49788BB249AA5CE00F07235 /* Debug */ = {
			isa = XCBuildConfiguration;
			buildSettings = {
				ALWAYS_SEARCH_USER_PATHS = NO;
				CLANG_ANALYZER_NONNULL = YES;
				CLANG_ANALYZER_NUMBER_OBJECT_CONVERSION = YES_AGGRESSIVE;
				CLANG_CXX_LANGUAGE_STANDARD = "gnu++14";
				CLANG_CXX_LIBRARY = "libc++";
				CLANG_ENABLE_MODULES = YES;
				CLANG_ENABLE_OBJC_ARC = YES;
				CLANG_ENABLE_OBJC_WEAK = YES;
				CLANG_WARN_BLOCK_CAPTURE_AUTORELEASING = YES;
				CLANG_WARN_BOOL_CONVERSION = YES;
				CLANG_WARN_COMMA = YES;
				CLANG_WARN_CONSTANT_CONVERSION = YES;
				CLANG_WARN_DEPRECATED_OBJC_IMPLEMENTATIONS = YES;
				CLANG_WARN_DIRECT_OBJC_ISA_USAGE = YES_ERROR;
				CLANG_WARN_DOCUMENTATION_COMMENTS = YES;
				CLANG_WARN_EMPTY_BODY = YES;
				CLANG_WARN_ENUM_CONVERSION = YES;
				CLANG_WARN_INFINITE_RECURSION = YES;
				CLANG_WARN_INT_CONVERSION = YES;
				CLANG_WARN_NON_LITERAL_NULL_CONVERSION = YES;
				CLANG_WARN_OBJC_IMPLICIT_RETAIN_SELF = YES;
				CLANG_WARN_OBJC_LITERAL_CONVERSION = YES;
				CLANG_WARN_OBJC_ROOT_CLASS = YES_ERROR;
				CLANG_WARN_RANGE_LOOP_ANALYSIS = YES;
				CLANG_WARN_STRICT_PROTOTYPES = YES;
				CLANG_WARN_SUSPICIOUS_MOVE = YES;
				CLANG_WARN_UNGUARDED_AVAILABILITY = YES_AGGRESSIVE;
				CLANG_WARN_UNREACHABLE_CODE = YES;
				CLANG_WARN__DUPLICATE_METHOD_MATCH = YES;
				CODE_SIGN_IDENTITY = "iPhone Developer";
				COPY_PHASE_STRIP = NO;
				DEBUG_INFORMATION_FORMAT = dwarf;
				ENABLE_STRICT_OBJC_MSGSEND = YES;
				ENABLE_TESTABILITY = YES;
				GCC_C_LANGUAGE_STANDARD = gnu11;
				GCC_DYNAMIC_NO_PIC = NO;
				GCC_NO_COMMON_BLOCKS = YES;
				GCC_OPTIMIZATION_LEVEL = 0;
				GCC_PREPROCESSOR_DEFINITIONS = (
					"DEBUG=1",
					"$(inherited)",
				);
				GCC_WARN_64_TO_32_BIT_CONVERSION = YES;
				GCC_WARN_ABOUT_RETURN_TYPE = YES_ERROR;
				GCC_WARN_UNDECLARED_SELECTOR = YES;
				GCC_WARN_UNINITIALIZED_AUTOS = YES_AGGRESSIVE;
				GCC_WARN_UNUSED_FUNCTION = YES;
				GCC_WARN_UNUSED_VARIABLE = YES;
				IPHONEOS_DEPLOYMENT_TARGET = 12.1;
				MTL_ENABLE_DEBUG_INFO = INCLUDE_SOURCE;
				MTL_FAST_MATH = YES;
				ONLY_ACTIVE_ARCH = YES;
				SDKROOT = iphoneos;
				SWIFT_ACTIVE_COMPILATION_CONDITIONS = DEBUG;
				SWIFT_OPTIMIZATION_LEVEL = "-Onone";
			};
			name = Debug;
		};
		E49788BC249AA5CE00F07235 /* Release */ = {
			isa = XCBuildConfiguration;
			buildSettings = {
				ALWAYS_SEARCH_USER_PATHS = NO;
				CLANG_ANALYZER_NONNULL = YES;
				CLANG_ANALYZER_NUMBER_OBJECT_CONVERSION = YES_AGGRESSIVE;
				CLANG_CXX_LANGUAGE_STANDARD = "gnu++14";
				CLANG_CXX_LIBRARY = "libc++";
				CLANG_ENABLE_MODULES = YES;
				CLANG_ENABLE_OBJC_ARC = YES;
				CLANG_ENABLE_OBJC_WEAK = YES;
				CLANG_WARN_BLOCK_CAPTURE_AUTORELEASING = YES;
				CLANG_WARN_BOOL_CONVERSION = YES;
				CLANG_WARN_COMMA = YES;
				CLANG_WARN_CONSTANT_CONVERSION = YES;
				CLANG_WARN_DEPRECATED_OBJC_IMPLEMENTATIONS = YES;
				CLANG_WARN_DIRECT_OBJC_ISA_USAGE = YES_ERROR;
				CLANG_WARN_DOCUMENTATION_COMMENTS = YES;
				CLANG_WARN_EMPTY_BODY = YES;
				CLANG_WARN_ENUM_CONVERSION = YES;
				CLANG_WARN_INFINITE_RECURSION = YES;
				CLANG_WARN_INT_CONVERSION = YES;
				CLANG_WARN_NON_LITERAL_NULL_CONVERSION = YES;
				CLANG_WARN_OBJC_IMPLICIT_RETAIN_SELF = YES;
				CLANG_WARN_OBJC_LITERAL_CONVERSION = YES;
				CLANG_WARN_OBJC_ROOT_CLASS = YES_ERROR;
				CLANG_WARN_RANGE_LOOP_ANALYSIS = YES;
				CLANG_WARN_STRICT_PROTOTYPES = YES;
				CLANG_WARN_SUSPICIOUS_MOVE = YES;
				CLANG_WARN_UNGUARDED_AVAILABILITY = YES_AGGRESSIVE;
				CLANG_WARN_UNREACHABLE_CODE = YES;
				CLANG_WARN__DUPLICATE_METHOD_MATCH = YES;
				CODE_SIGN_IDENTITY = "iPhone Developer";
				COPY_PHASE_STRIP = NO;
				DEBUG_INFORMATION_FORMAT = "dwarf-with-dsym";
				ENABLE_NS_ASSERTIONS = NO;
				ENABLE_STRICT_OBJC_MSGSEND = YES;
				GCC_C_LANGUAGE_STANDARD = gnu11;
				GCC_NO_COMMON_BLOCKS = YES;
				GCC_WARN_64_TO_32_BIT_CONVERSION = YES;
				GCC_WARN_ABOUT_RETURN_TYPE = YES_ERROR;
				GCC_WARN_UNDECLARED_SELECTOR = YES;
				GCC_WARN_UNINITIALIZED_AUTOS = YES_AGGRESSIVE;
				GCC_WARN_UNUSED_FUNCTION = YES;
				GCC_WARN_UNUSED_VARIABLE = YES;
				IPHONEOS_DEPLOYMENT_TARGET = 12.1;
				MTL_ENABLE_DEBUG_INFO = NO;
				MTL_FAST_MATH = YES;
				SDKROOT = iphoneos;
				SWIFT_COMPILATION_MODE = wholemodule;
				SWIFT_OPTIMIZATION_LEVEL = "-O";
				VALIDATE_PRODUCT = YES;
			};
			name = Release;
		};
		E49788BE249AA5CE00F07235 /* Debug */ = {
			isa = XCBuildConfiguration;
			baseConfigurationReference = 4EC98D820060AE7A32369C99 /* Pods-FirstSession.debug.xcconfig */;
			buildSettings = {
				ASSETCATALOG_COMPILER_APPICON_NAME = AppIcon;
				CODE_SIGN_STYLE = Automatic;
				DEVELOPMENT_TEAM = UP39646M6H;
				INFOPLIST_FILE = FirstSession/Info.plist;
				LD_RUNPATH_SEARCH_PATHS = (
					"$(inherited)",
					"@executable_path/Frameworks",
				);
				PRODUCT_BUNDLE_IDENTIFIER = com.Game4Life.PcGamer;
				PRODUCT_NAME = PcGamer;
				SWIFT_VERSION = 4.2;
				TARGETED_DEVICE_FAMILY = 1;
			};
			name = Debug;
		};
		E49788BF249AA5CE00F07235 /* Release */ = {
			isa = XCBuildConfiguration;
			baseConfigurationReference = 75986D322E74E88F8D5873AB /* Pods-FirstSession.release.xcconfig */;
			buildSettings = {
				ASSETCATALOG_COMPILER_APPICON_NAME = AppIcon;
				CODE_SIGN_STYLE = Automatic;
				DEVELOPMENT_TEAM = UP39646M6H;
				INFOPLIST_FILE = FirstSession/Info.plist;
				LD_RUNPATH_SEARCH_PATHS = (
					"$(inherited)",
					"@executable_path/Frameworks",
				);
				PRODUCT_BUNDLE_IDENTIFIER = com.Game4Life.PcGamer;
				PRODUCT_NAME = PcGamer;
				SWIFT_VERSION = 4.2;
				TARGETED_DEVICE_FAMILY = 1;
			};
			name = Release;
		};
/* End XCBuildConfiguration section */

/* Begin XCConfigurationList section */
		E49788A6249AA5CC00F07235 /* Build configuration list for PBXProject "FirstSession" */ = {
			isa = XCConfigurationList;
			buildConfigurations = (
				E49788BB249AA5CE00F07235 /* Debug */,
				E49788BC249AA5CE00F07235 /* Release */,
			);
			defaultConfigurationIsVisible = 0;
			defaultConfigurationName = Release;
		};
		E49788BD249AA5CE00F07235 /* Build configuration list for PBXNativeTarget "FirstSession" */ = {
			isa = XCConfigurationList;
			buildConfigurations = (
				E49788BE249AA5CE00F07235 /* Debug */,
				E49788BF249AA5CE00F07235 /* Release */,
			);
			defaultConfigurationIsVisible = 0;
			defaultConfigurationName = Release;
		};
/* End XCConfigurationList section */
	};
	rootObject = E49788A3249AA5CC00F07235 /* Project object */;
}
